
Microsoft Visual Studio Solution File, Format Version 12.00
# Visual Studio Version 17
VisualStudioVersion = 17.2.32616.157
MinimumVisualStudioVersion = 10.0.40219.1
Project("{9A19103F-16F7-4668-BE54-9A1E7A4F7556}") = "JPGRawFotoSelector", "JPGAndRawFotoSelector\JPGRawFotoSelector.csproj", "{0814B013-4262-4A57-BB1B-FF803F612710}"
EndProject
Project("{9A19103F-16F7-4668-BE54-9A1E7A4F7556}") = "MTestJPGAndRawFotoSelector", "MTestJPGAndRawFotoSelector\MTestJPGAndRawFotoSelector.csproj", "{F7E38E30-2EB3-47B7-9A98-336CDA9C4C13}"
EndProject
Global
	GlobalSection(SolutionConfigurationPlatforms) = preSolution
		Debug|Any CPU = Debug|Any CPU
		Release|Any CPU = Release|Any CPU
	EndGlobalSection
	GlobalSection(ProjectConfigurationPlatforms) = postSolution
		{0814B013-4262-4A57-BB1B-FF803F612710}.Debug|Any CPU.ActiveCfg = Debug|Any CPU
		{0814B013-4262-4A57-BB1B-FF803F612710}.Debug|Any CPU.Build.0 = Debug|Any CPU
		{0814B013-4262-4A57-BB1B-FF803F612710}.Release|Any CPU.ActiveCfg = Release|Any CPU
		{0814B013-4262-4A57-BB1B-FF803F612710}.Release|Any CPU.Build.0 = Release|Any CPU
		{F7E38E30-2EB3-47B7-9A98-336CDA9C4C13}.Debug|Any CPU.ActiveCfg = Debug|Any CPU
		{F7E38E30-2EB3-47B7-9A98-336CDA9C4C13}.Debug|Any CPU.Build.0 = Debug|Any CPU
		{F7E38E30-2EB3-47B7-9A98-336CDA9C4C13}.Release|Any CPU.ActiveCfg = Release|Any CPU
		{F7E38E30-2EB3-47B7-9A98-336CDA9C4C13}.Release|Any CPU.Build.0 = Release|Any CPU
	EndGlobalSection
	GlobalSection(SolutionProperties) = preSolution
		HideSolutionNode = FALSE
	EndGlobalSection
	GlobalSection(ExtensibilityGlobals) = postSolution
		SolutionGuid = {29947636-CCDC-4E8F-AE1A-EEDDDC68FF61}
	EndGlobalSection
EndGlobal
